
Microsoft Visual Studio Solution File, Format Version 12.00
# Visual Studio 14
VisualStudioVersion = 14.0.25420.1
MinimumVisualStudioVersion = 10.0.40219.1
Project("{FAE04EC0-301F-11D3-BF4B-00C04F79EFBC}") = "NXtelServer", "NXtelServer\NXtelServer.csproj", "{B12E7B2E-CB44-4139-B90E-9D47BADDDBAD}"
EndProject
Project("{FAE04EC0-301F-11D3-BF4B-00C04F79EFBC}") = "Version", "Version\Version.csproj", "{B3DC84AF-9B6F-4F7A-8801-5887BBDEA645}"
EndProject
Project("{FAE04EC0-301F-11D3-BF4B-00C04F79EFBC}") = "NXtelData", "NXtelData\NXtelData.csproj", "{CC5ED840-4AAB-4951-AE14-7625F2F55B1F}"
EndProject
Project("{FAE04EC0-301F-11D3-BF4B-00C04F79EFBC}") = "NXtelManager", "NXtelManager\NXtelManager.csproj", "{7936C73E-0EBE-413D-B7F0-D58B44D4689E}"
EndProject
Project("{FAE04EC0-301F-11D3-BF4B-00C04F79EFBC}") = "ESPATTest", "ESPATTest\ESPATTest.csproj", "{D1E3282E-FDAB-4B35-A54D-59242F539C3C}"
EndProject
Project("{FAE04EC0-301F-11D3-BF4B-00C04F79EFBC}") = "TelesoftEncoder", "TelesoftEncoder\TelesoftEncoder.csproj", "{0EB35519-DA7F-41A6-B8E5-55A25242C24C}"
EndProject
Project("{FAE04EC0-301F-11D3-BF4B-00C04F79EFBC}") = "TTConv", "TTConv\TTConv.csproj", "{6AF8C3F9-FBCA-43A5-BB4E-BD53092B27FF}"
EndProject
Project("{FAE04EC0-301F-11D3-BF4B-00C04F79EFBC}") = "Markdown", "Markdown\Markdown.csproj", "{6A478169-F8B2-4589-8C02-E8384893ED2B}"
EndProject
Project("{FAE04EC0-301F-11D3-BF4B-00C04F79EFBC}") = "NXtelMonitor", "NXtelMonitor\NXtelMonitor.csproj", "{50E0087B-7989-459F-BB2C-8C216419D011}"
EndProject
Project("{FAE04EC0-301F-11D3-BF4B-00C04F79EFBC}") = "NXtelBbcBasic", "NXtelBbcBasic\NXtelBbcBasic.csproj", "{F47D3D13-F9E9-4910-B2A9-0BD3FCEB87D0}"
EndProject
Project("{FAE04EC0-301F-11D3-BF4B-00C04F79EFBC}") = "ToLFCR", "ToLFCR\ToLFCR.csproj", "{6ACA8719-9F6A-4DD8-A406-C38220479BC6}"
EndProject
Project("{FAE04EC0-301F-11D3-BF4B-00C04F79EFBC}") = "NXtelGeo", "NXtelGeo\NXtelGeo.csproj", "{C2FAA149-ADB6-4986-9E16-7E40C4CD12AC}"
EndProject
Project("{FAE04EC0-301F-11D3-BF4B-00C04F79EFBC}") = "NXtelLogImport", "NXtelLogImport\NXtelLogImport.csproj", "{72EC907A-B5E4-4A7A-B99C-62FACEDAF4AB}"
EndProject
Global
	GlobalSection(SolutionConfigurationPlatforms) = preSolution
		Debug|Any CPU = Debug|Any CPU
		Debug|x64 = Debug|x64
		Debug|x86 = Debug|x86
		Release|Any CPU = Release|Any CPU
		Release|x64 = Release|x64
		Release|x86 = Release|x86
	EndGlobalSection
	GlobalSection(ProjectConfigurationPlatforms) = postSolution
		{B12E7B2E-CB44-4139-B90E-9D47BADDDBAD}.Debug|Any CPU.ActiveCfg = Debug|Any CPU
		{B12E7B2E-CB44-4139-B90E-9D47BADDDBAD}.Debug|Any CPU.Build.0 = Debug|Any CPU
		{B12E7B2E-CB44-4139-B90E-9D47BADDDBAD}.Debug|x64.ActiveCfg = Debug|Any CPU
		{B12E7B2E-CB44-4139-B90E-9D47BADDDBAD}.Debug|x64.Build.0 = Debug|Any CPU
		{B12E7B2E-CB44-4139-B90E-9D47BADDDBAD}.Debug|x86.ActiveCfg = Debug|Any CPU
		{B12E7B2E-CB44-4139-B90E-9D47BADDDBAD}.Debug|x86.Build.0 = Debug|Any CPU
		{B12E7B2E-CB44-4139-B90E-9D47BADDDBAD}.Release|Any CPU.ActiveCfg = Release|Any CPU
		{B12E7B2E-CB44-4139-B90E-9D47BADDDBAD}.Release|Any CPU.Build.0 = Release|Any CPU
		{B12E7B2E-CB44-4139-B90E-9D47BADDDBAD}.Release|x64.ActiveCfg = Release|Any CPU
		{B12E7B2E-CB44-4139-B90E-9D47BADDDBAD}.Release|x64.Build.0 = Release|Any CPU
		{B12E7B2E-CB44-4139-B90E-9D47BADDDBAD}.Release|x86.ActiveCfg = Release|Any CPU
		{B3DC84AF-9B6F-4F7A-8801-5887BBDEA645}.Debug|Any CPU.ActiveCfg = Debug|Any CPU
		{B3DC84AF-9B6F-4F7A-8801-5887BBDEA645}.Debug|Any CPU.Build.0 = Debug|Any CPU
		{B3DC84AF-9B6F-4F7A-8801-5887BBDEA645}.Debug|x64.ActiveCfg = Debug|x64
		{B3DC84AF-9B6F-4F7A-8801-5887BBDEA645}.Debug|x64.Build.0 = Debug|x64
		{B3DC84AF-9B6F-4F7A-8801-5887BBDEA645}.Debug|x86.ActiveCfg = Debug|x86
		{B3DC84AF-9B6F-4F7A-8801-5887BBDEA645}.Debug|x86.Build.0 = Debug|x86
		{B3DC84AF-9B6F-4F7A-8801-5887BBDEA645}.Release|Any CPU.ActiveCfg = Release|Any CPU
		{B3DC84AF-9B6F-4F7A-8801-5887BBDEA645}.Release|Any CPU.Build.0 = Release|Any CPU
		{B3DC84AF-9B6F-4F7A-8801-5887BBDEA645}.Release|x64.ActiveCfg = Release|x64
		{B3DC84AF-9B6F-4F7A-8801-5887BBDEA645}.Release|x64.Build.0 = Release|x64
		{B3DC84AF-9B6F-4F7A-8801-5887BBDEA645}.Release|x86.ActiveCfg = Release|x86
		{B3DC84AF-9B6F-4F7A-8801-5887BBDEA645}.Release|x86.Build.0 = Release|x86
		{CC5ED840-4AAB-4951-AE14-7625F2F55B1F}.Debug|Any CPU.ActiveCfg = Debug|Any CPU
		{CC5ED840-4AAB-4951-AE14-7625F2F55B1F}.Debug|Any CPU.Build.0 = Debug|Any CPU
		{CC5ED840-4AAB-4951-AE14-7625F2F55B1F}.Debug|x64.ActiveCfg = Debug|x64
		{CC5ED840-4AAB-4951-AE14-7625F2F55B1F}.Debug|x64.Build.0 = Debug|x64
		{CC5ED840-4AAB-4951-AE14-7625F2F55B1F}.Debug|x86.ActiveCfg = Debug|x86
		{CC5ED840-4AAB-4951-AE14-7625F2F55B1F}.Debug|x86.Build.0 = Debug|x86
		{CC5ED840-4AAB-4951-AE14-7625F2F55B1F}.Release|Any CPU.ActiveCfg = Release|Any CPU
		{CC5ED840-4AAB-4951-AE14-7625F2F55B1F}.Release|Any CPU.Build.0 = Release|Any CPU
		{CC5ED840-4AAB-4951-AE14-7625F2F55B1F}.Release|x64.ActiveCfg = Release|x64
		{CC5ED840-4AAB-4951-AE14-7625F2F55B1F}.Release|x64.Build.0 = Release|x64
		{CC5ED840-4AAB-4951-AE14-7625F2F55B1F}.Release|x86.ActiveCfg = Release|x86
		{CC5ED840-4AAB-4951-AE14-7625F2F55B1F}.Release|x86.Build.0 = Release|x86
		{7936C73E-0EBE-413D-B7F0-D58B44D4689E}.Debug|Any CPU.ActiveCfg = Debug|Any CPU
		{7936C73E-0EBE-413D-B7F0-D58B44D4689E}.Debug|Any CPU.Build.0 = Debug|Any CPU
		{7936C73E-0EBE-413D-B7F0-D58B44D4689E}.Debug|x64.ActiveCfg = Debug|x64
		{7936C73E-0EBE-413D-B7F0-D58B44D4689E}.Debug|x64.Build.0 = Debug|x64
		{7936C73E-0EBE-413D-B7F0-D58B44D4689E}.Debug|x86.ActiveCfg = Debug|x86
		{7936C73E-0EBE-413D-B7F0-D58B44D4689E}.Debug|x86.Build.0 = Debug|x86
		{7936C73E-0EBE-413D-B7F0-D58B44D4689E}.Debug|x86.Deploy.0 = Debug|x86
		{7936C73E-0EBE-413D-B7F0-D58B44D4689E}.Release|Any CPU.ActiveCfg = Release|Any CPU
		{7936C73E-0EBE-413D-B7F0-D58B44D4689E}.Release|Any CPU.Build.0 = Release|Any CPU
		{7936C73E-0EBE-413D-B7F0-D58B44D4689E}.Release|x64.ActiveCfg = Release|x64
		{7936C73E-0EBE-413D-B7F0-D58B44D4689E}.Release|x64.Build.0 = Release|x64
		{7936C73E-0EBE-413D-B7F0-D58B44D4689E}.Release|x86.ActiveCfg = Release|x86
		{7936C73E-0EBE-413D-B7F0-D58B44D4689E}.Release|x86.Build.0 = Release|x86
		{D1E3282E-FDAB-4B35-A54D-59242F539C3C}.Debug|Any CPU.ActiveCfg = Debug|Any CPU
		{D1E3282E-FDAB-4B35-A54D-59242F539C3C}.Debug|Any CPU.Build.0 = Debug|Any CPU
		{D1E3282E-FDAB-4B35-A54D-59242F539C3C}.Debug|x64.ActiveCfg = Debug|Any CPU
		{D1E3282E-FDAB-4B35-A54D-59242F539C3C}.Debug|x64.Build.0 = Debug|Any CPU
		{D1E3282E-FDAB-4B35-A54D-59242F539C3C}.Debug|x86.ActiveCfg = Debug|Any CPU
		{D1E3282E-FDAB-4B35-A54D-59242F539C3C}.Debug|x86.Build.0 = Debug|Any CPU
		{D1E3282E-FDAB-4B35-A54D-59242F539C3C}.Release|Any CPU.ActiveCfg = Release|Any CPU
		{D1E3282E-FDAB-4B35-A54D-59242F539C3C}.Release|Any CPU.Build.0 = Release|Any CPU
		{D1E3282E-FDAB-4B35-A54D-59242F539C3C}.Release|x64.ActiveCfg = Release|Any CPU
		{D1E3282E-FDAB-4B35-A54D-59242F539C3C}.Release|x64.Build.0 = Release|Any CPU
		{D1E3282E-FDAB-4B35-A54D-59242F539C3C}.Release|x86.ActiveCfg = Release|Any CPU
		{D1E3282E-FDAB-4B35-A54D-59242F539C3C}.Release|x86.Build.0 = Release|Any CPU
		{0EB35519-DA7F-41A6-B8E5-55A25242C24C}.Debug|Any CPU.ActiveCfg = Debug|Any CPU
		{0EB35519-DA7F-41A6-B8E5-55A25242C24C}.Debug|Any CPU.Build.0 = Debug|Any CPU
		{0EB35519-DA7F-41A6-B8E5-55A25242C24C}.Debug|x64.ActiveCfg = Debug|Any CPU
		{0EB35519-DA7F-41A6-B8E5-55A25242C24C}.Debug|x64.Build.0 = Debug|Any CPU
		{0EB35519-DA7F-41A6-B8E5-55A25242C24C}.Debug|x86.ActiveCfg = Debug|Any CPU
		{0EB35519-DA7F-41A6-B8E5-55A25242C24C}.Debug|x86.Build.0 = Debug|Any CPU
		{0EB35519-DA7F-41A6-B8E5-55A25242C24C}.Release|Any CPU.ActiveCfg = Release|Any CPU
		{0EB35519-DA7F-41A6-B8E5-55A25242C24C}.Release|Any CPU.Build.0 = Release|Any CPU
		{0EB35519-DA7F-41A6-B8E5-55A25242C24C}.Release|x64.ActiveCfg = Release|Any CPU
		{0EB35519-DA7F-41A6-B8E5-55A25242C24C}.Release|x64.Build.0 = Release|Any CPU
		{0EB35519-DA7F-41A6-B8E5-55A25242C24C}.Release|x86.ActiveCfg = Release|Any CPU
		{0EB35519-DA7F-41A6-B8E5-55A25242C24C}.Release|x86.Build.0 = Release|Any CPU
		{6AF8C3F9-FBCA-43A5-BB4E-BD53092B27FF}.Debug|Any CPU.ActiveCfg = Debug|Any CPU
		{6AF8C3F9-FBCA-43A5-BB4E-BD53092B27FF}.Debug|Any CPU.Build.0 = Debug|Any CPU
		{6AF8C3F9-FBCA-43A5-BB4E-BD53092B27FF}.Debug|x64.ActiveCfg = Debug|Any CPU
		{6AF8C3F9-FBCA-43A5-BB4E-BD53092B27FF}.Debug|x64.Build.0 = Debug|Any CPU
		{6AF8C3F9-FBCA-43A5-BB4E-BD53092B27FF}.Debug|x86.ActiveCfg = Debug|Any CPU
		{6AF8C3F9-FBCA-43A5-BB4E-BD53092B27FF}.Debug|x86.Build.0 = Debug|Any CPU
		{6AF8C3F9-FBCA-43A5-BB4E-BD53092B27FF}.Release|Any CPU.ActiveCfg = Release|Any CPU
		{6AF8C3F9-FBCA-43A5-BB4E-BD53092B27FF}.Release|Any CPU.Build.0 = Release|Any CPU
		{6AF8C3F9-FBCA-43A5-BB4E-BD53092B27FF}.Release|x64.ActiveCfg = Release|Any CPU
		{6AF8C3F9-FBCA-43A5-BB4E-BD53092B27FF}.Release|x64.Build.0 = Release|Any CPU
		{6AF8C3F9-FBCA-43A5-BB4E-BD53092B27FF}.Release|x86.ActiveCfg = Release|Any CPU
		{6AF8C3F9-FBCA-43A5-BB4E-BD53092B27FF}.Release|x86.Build.0 = Release|Any CPU
		{6A478169-F8B2-4589-8C02-E8384893ED2B}.Debug|Any CPU.ActiveCfg = Debug|Any CPU
		{6A478169-F8B2-4589-8C02-E8384893ED2B}.Debug|Any CPU.Build.0 = Debug|Any CPU
		{6A478169-F8B2-4589-8C02-E8384893ED2B}.Debug|x64.ActiveCfg = Debug|Any CPU
		{6A478169-F8B2-4589-8C02-E8384893ED2B}.Debug|x64.Build.0 = Debug|Any CPU
		{6A478169-F8B2-4589-8C02-E8384893ED2B}.Debug|x86.ActiveCfg = Debug|Any CPU
		{6A478169-F8B2-4589-8C02-E8384893ED2B}.Debug|x86.Build.0 = Debug|Any CPU
		{6A478169-F8B2-4589-8C02-E8384893ED2B}.Release|Any CPU.ActiveCfg = Release|Any CPU
		{6A478169-F8B2-4589-8C02-E8384893ED2B}.Release|Any CPU.Build.0 = Release|Any CPU
		{6A478169-F8B2-4589-8C02-E8384893ED2B}.Release|x64.ActiveCfg = Release|Any CPU
		{6A478169-F8B2-4589-8C02-E8384893ED2B}.Release|x64.Build.0 = Release|Any CPU
		{6A478169-F8B2-4589-8C02-E8384893ED2B}.Release|x86.ActiveCfg = Release|x86
		{6A478169-F8B2-4589-8C02-E8384893ED2B}.Release|x86.Build.0 = Release|x86
		{50E0087B-7989-459F-BB2C-8C216419D011}.Debug|Any CPU.ActiveCfg = Debug|Any CPU
		{50E0087B-7989-459F-BB2C-8C216419D011}.Debug|Any CPU.Build.0 = Debug|Any CPU
		{50E0087B-7989-459F-BB2C-8C216419D011}.Debug|x64.ActiveCfg = Debug|Any CPU
		{50E0087B-7989-459F-BB2C-8C216419D011}.Debug|x64.Build.0 = Debug|Any CPU
		{50E0087B-7989-459F-BB2C-8C216419D011}.Debug|x86.ActiveCfg = Debug|Any CPU
		{50E0087B-7989-459F-BB2C-8C216419D011}.Debug|x86.Build.0 = Debug|Any CPU
		{50E0087B-7989-459F-BB2C-8C216419D011}.Release|Any CPU.ActiveCfg = Release|Any CPU
		{50E0087B-7989-459F-BB2C-8C216419D011}.Release|Any CPU.Build.0 = Release|Any CPU
		{50E0087B-7989-459F-BB2C-8C216419D011}.Release|x64.ActiveCfg = Release|Any CPU
		{50E0087B-7989-459F-BB2C-8C216419D011}.Release|x64.Build.0 = Release|Any CPU
		{50E0087B-7989-459F-BB2C-8C216419D011}.Release|x86.ActiveCfg = Release|Any CPU
		{50E0087B-7989-459F-BB2C-8C216419D011}.Release|x86.Build.0 = Release|Any CPU
		{F47D3D13-F9E9-4910-B2A9-0BD3FCEB87D0}.Debug|Any CPU.ActiveCfg = Debug|Any CPU
		{F47D3D13-F9E9-4910-B2A9-0BD3FCEB87D0}.Debug|Any CPU.Build.0 = Debug|Any CPU
		{F47D3D13-F9E9-4910-B2A9-0BD3FCEB87D0}.Debug|x64.ActiveCfg = Debug|Any CPU
		{F47D3D13-F9E9-4910-B2A9-0BD3FCEB87D0}.Debug|x64.Build.0 = Debug|Any CPU
		{F47D3D13-F9E9-4910-B2A9-0BD3FCEB87D0}.Debug|x86.ActiveCfg = Debug|Any CPU
		{F47D3D13-F9E9-4910-B2A9-0BD3FCEB87D0}.Debug|x86.Build.0 = Debug|Any CPU
		{F47D3D13-F9E9-4910-B2A9-0BD3FCEB87D0}.Release|Any CPU.ActiveCfg = Release|Any CPU
		{F47D3D13-F9E9-4910-B2A9-0BD3FCEB87D0}.Release|Any CPU.Build.0 = Release|Any CPU
		{F47D3D13-F9E9-4910-B2A9-0BD3FCEB87D0}.Release|x64.ActiveCfg = Release|Any CPU
		{F47D3D13-F9E9-4910-B2A9-0BD3FCEB87D0}.Release|x64.Build.0 = Release|Any CPU
		{F47D3D13-F9E9-4910-B2A9-0BD3FCEB87D0}.Release|x86.ActiveCfg = Release|Any CPU
		{F47D3D13-F9E9-4910-B2A9-0BD3FCEB87D0}.Release|x86.Build.0 = Release|Any CPU
		{6ACA8719-9F6A-4DD8-A406-C38220479BC6}.Debug|Any CPU.ActiveCfg = Debug|Any CPU
		{6ACA8719-9F6A-4DD8-A406-C38220479BC6}.Debug|Any CPU.Build.0 = Debug|Any CPU
		{6ACA8719-9F6A-4DD8-A406-C38220479BC6}.Debug|x64.ActiveCfg = Debug|Any CPU
		{6ACA8719-9F6A-4DD8-A406-C38220479BC6}.Debug|x64.Build.0 = Debug|Any CPU
		{6ACA8719-9F6A-4DD8-A406-C38220479BC6}.Debug|x86.ActiveCfg = Debug|Any CPU
		{6ACA8719-9F6A-4DD8-A406-C38220479BC6}.Debug|x86.Build.0 = Debug|Any CPU
		{6ACA8719-9F6A-4DD8-A406-C38220479BC6}.Release|Any CPU.ActiveCfg = Release|Any CPU
		{6ACA8719-9F6A-4DD8-A406-C38220479BC6}.Release|Any CPU.Build.0 = Release|Any CPU
		{6ACA8719-9F6A-4DD8-A406-C38220479BC6}.Release|x64.ActiveCfg = Release|Any CPU
		{6ACA8719-9F6A-4DD8-A406-C38220479BC6}.Release|x64.Build.0 = Release|Any CPU
		{6ACA8719-9F6A-4DD8-A406-C38220479BC6}.Release|x86.ActiveCfg = Release|Any CPU
		{6ACA8719-9F6A-4DD8-A406-C38220479BC6}.Release|x86.Build.0 = Release|Any CPU
		{C2FAA149-ADB6-4986-9E16-7E40C4CD12AC}.Debug|Any CPU.ActiveCfg = Debug|Any CPU
		{C2FAA149-ADB6-4986-9E16-7E40C4CD12AC}.Debug|Any CPU.Build.0 = Debug|Any CPU
		{C2FAA149-ADB6-4986-9E16-7E40C4CD12AC}.Debug|x64.ActiveCfg = Debug|Any CPU
		{C2FAA149-ADB6-4986-9E16-7E40C4CD12AC}.Debug|x64.Build.0 = Debug|Any CPU
		{C2FAA149-ADB6-4986-9E16-7E40C4CD12AC}.Debug|x86.ActiveCfg = Debug|Any CPU
		{C2FAA149-ADB6-4986-9E16-7E40C4CD12AC}.Debug|x86.Build.0 = Debug|Any CPU
		{C2FAA149-ADB6-4986-9E16-7E40C4CD12AC}.Release|Any CPU.ActiveCfg = Release|Any CPU
		{C2FAA149-ADB6-4986-9E16-7E40C4CD12AC}.Release|Any CPU.Build.0 = Release|Any CPU
		{C2FAA149-ADB6-4986-9E16-7E40C4CD12AC}.Release|x64.ActiveCfg = Release|Any CPU
		{C2FAA149-ADB6-4986-9E16-7E40C4CD12AC}.Release|x64.Build.0 = Release|Any CPU
		{C2FAA149-ADB6-4986-9E16-7E40C4CD12AC}.Release|x86.ActiveCfg = Release|Any CPU
		{C2FAA149-ADB6-4986-9E16-7E40C4CD12AC}.Release|x86.Build.0 = Release|Any CPU
		{72EC907A-B5E4-4A7A-B99C-62FACEDAF4AB}.Debug|Any CPU.ActiveCfg = Debug|Any CPU
		{72EC907A-B5E4-4A7A-B99C-62FACEDAF4AB}.Debug|Any CPU.Build.0 = Debug|Any CPU
		{72EC907A-B5E4-4A7A-B99C-62FACEDAF4AB}.Debug|x64.ActiveCfg = Debug|Any CPU
		{72EC907A-B5E4-4A7A-B99C-62FACEDAF4AB}.Debug|x64.Build.0 = Debug|Any CPU
		{72EC907A-B5E4-4A7A-B99C-62FACEDAF4AB}.Debug|x86.ActiveCfg = Debug|Any CPU
		{72EC907A-B5E4-4A7A-B99C-62FACEDAF4AB}.Debug|x86.Build.0 = Debug|Any CPU
		{72EC907A-B5E4-4A7A-B99C-62FACEDAF4AB}.Release|Any CPU.ActiveCfg = Release|Any CPU
		{72EC907A-B5E4-4A7A-B99C-62FACEDAF4AB}.Release|Any CPU.Build.0 = Release|Any CPU
		{72EC907A-B5E4-4A7A-B99C-62FACEDAF4AB}.Release|x64.ActiveCfg = Release|Any CPU
		{72EC907A-B5E4-4A7A-B99C-62FACEDAF4AB}.Release|x64.Build.0 = Release|Any CPU
		{72EC907A-B5E4-4A7A-B99C-62FACEDAF4AB}.Release|x86.ActiveCfg = Release|Any CPU
		{72EC907A-B5E4-4A7A-B99C-62FACEDAF4AB}.Release|x86.Build.0 = Release|Any CPU
	EndGlobalSection
	GlobalSection(SolutionProperties) = preSolution
		HideSolutionNode = FALSE
	EndGlobalSection
EndGlobal
